
Microsoft Visual Studio Solution File, Format Version 12.00
# Visual Studio Version 17
VisualStudioVersion = 17.6.33815.320
MinimumVisualStudioVersion = 10.0.40219.1
Project("{FAE04EC0-301F-11D3-BF4B-00C04F79EFBC}") = "InnoClinic", "InnoClinic.csproj", "{83C25991-6AE7-460C-BB5B-181E736BF007}"
EndProject
Project("{FAE04EC0-301F-11D3-BF4B-00C04F79EFBC}") = "Domain Layer", "..\Domain Layer\Domain Layer.csproj", "{2D5E1BA5-C62C-4FF2-9A76-F9744A612EAA}"
EndProject
Project("{FAE04EC0-301F-11D3-BF4B-00C04F79EFBC}") = "Service Layer", "..\Service Layer\Service Layer.csproj", "{593B5982-C8D6-44D0-B675-81C00E03FAE8}"
EndProject
Project("{FAE04EC0-301F-11D3-BF4B-00C04F79EFBC}") = "Infrastructure Layer", "..\Infrastructure Layer\Infrastructure Layer.csproj", "{78105215-C5BD-409A-A905-C248F2561C0C}"
EndProject
Global
	GlobalSection(SolutionConfigurationPlatforms) = preSolution
		Debug|Any CPU = Debug|Any CPU
		Release|Any CPU = Release|Any CPU
	EndGlobalSection
	GlobalSection(ProjectConfigurationPlatforms) = postSolution
		{83C25991-6AE7-460C-BB5B-181E736BF007}.Debug|Any CPU.ActiveCfg = Debug|Any CPU
		{83C25991-6AE7-460C-BB5B-181E736BF007}.Debug|Any CPU.Build.0 = Debug|Any CPU
		{83C25991-6AE7-460C-BB5B-181E736BF007}.Release|Any CPU.ActiveCfg = Release|Any CPU
		{83C25991-6AE7-460C-BB5B-181E736BF007}.Release|Any CPU.Build.0 = Release|Any CPU
		{2D5E1BA5-C62C-4FF2-9A76-F9744A612EAA}.Debug|Any CPU.ActiveCfg = Debug|Any CPU
		{2D5E1BA5-C62C-4FF2-9A76-F9744A612EAA}.Debug|Any CPU.Build.0 = Debug|Any CPU
		{2D5E1BA5-C62C-4FF2-9A76-F9744A612EAA}.Release|Any CPU.ActiveCfg = Release|Any CPU
		{2D5E1BA5-C62C-4FF2-9A76-F9744A612EAA}.Release|Any CPU.Build.0 = Release|Any CPU
		{593B5982-C8D6-44D0-B675-81C00E03FAE8}.Debug|Any CPU.ActiveCfg = Debug|Any CPU
		{593B5982-C8D6-44D0-B675-81C00E03FAE8}.Debug|Any CPU.Build.0 = Debug|Any CPU
		{593B5982-C8D6-44D0-B675-81C00E03FAE8}.Release|Any CPU.ActiveCfg = Release|Any CPU
		{593B5982-C8D6-44D0-B675-81C00E03FAE8}.Release|Any CPU.Build.0 = Release|Any CPU
		{78105215-C5BD-409A-A905-C248F2561C0C}.Debug|Any CPU.ActiveCfg = Debug|Any CPU
		{78105215-C5BD-409A-A905-C248F2561C0C}.Debug|Any CPU.Build.0 = Debug|Any CPU
		{78105215-C5BD-409A-A905-C248F2561C0C}.Release|Any CPU.ActiveCfg = Release|Any CPU
		{78105215-C5BD-409A-A905-C248F2561C0C}.Release|Any CPU.Build.0 = Release|Any CPU
	EndGlobalSection
	GlobalSection(SolutionProperties) = preSolution
		HideSolutionNode = FALSE
	EndGlobalSection
	GlobalSection(ExtensibilityGlobals) = postSolution
		SolutionGuid = {077A80F0-2EC3-4093-B92D-384E199A4C87}
	EndGlobalSection
EndGlobal
